
Microsoft Visual Studio Solution File, Format Version 12.00
# Visual Studio Version 16
VisualStudioVersion = 16.0.30309.148
MinimumVisualStudioVersion = 10.0.40219.1
Project("{9A19103F-16F7-4668-BE54-9A1E7A4F7556}") = "Mini_Assignment", "Mini_Assignment\Mini_Assignment.csproj", "{F7FF422A-0C09-4735-90E7-7DABDF714154}"
EndProject
Project("{FAE04EC0-301F-11D3-BF4B-00C04F79EFBC}") = "Mini_Assignment_Tests", "Mini_Assignment_Tests\Mini_Assignment_Tests.csproj", "{765122E4-FF02-47B5-AE0D-509462ECB8FF}"
EndProject
Global
	GlobalSection(SolutionConfigurationPlatforms) = preSolution
		Debug|Any CPU = Debug|Any CPU
		Release|Any CPU = Release|Any CPU
	EndGlobalSection
	GlobalSection(ProjectConfigurationPlatforms) = postSolution
		{F7FF422A-0C09-4735-90E7-7DABDF714154}.Debug|Any CPU.ActiveCfg = Debug|Any CPU
		{F7FF422A-0C09-4735-90E7-7DABDF714154}.Debug|Any CPU.Build.0 = Debug|Any CPU
		{F7FF422A-0C09-4735-90E7-7DABDF714154}.Release|Any CPU.ActiveCfg = Release|Any CPU
		{F7FF422A-0C09-4735-90E7-7DABDF714154}.Release|Any CPU.Build.0 = Release|Any CPU
		{765122E4-FF02-47B5-AE0D-509462ECB8FF}.Debug|Any CPU.ActiveCfg = Debug|Any CPU
		{765122E4-FF02-47B5-AE0D-509462ECB8FF}.Debug|Any CPU.Build.0 = Debug|Any CPU
		{765122E4-FF02-47B5-AE0D-509462ECB8FF}.Release|Any CPU.ActiveCfg = Release|Any CPU
		{765122E4-FF02-47B5-AE0D-509462ECB8FF}.Release|Any CPU.Build.0 = Release|Any CPU
	EndGlobalSection
	GlobalSection(SolutionProperties) = preSolution
		HideSolutionNode = FALSE
	EndGlobalSection
	GlobalSection(ExtensibilityGlobals) = postSolution
		SolutionGuid = {3393B4FC-0250-47E5-B6E1-032D2D665BF6}
	EndGlobalSection
EndGlobal
